
Microsoft Visual Studio Solution File, Format Version 12.00
# Visual Studio Version 17
VisualStudioVersion = 17.5.33103.201
MinimumVisualStudioVersion = 10.0.40219.1
Project("{2150E333-8FDC-42A3-9474-1A3956D46DE8}") = "SOLID", "SOLID", "{FE23F03E-F53B-42A5-B013-FD209F563F34}"
EndProject
Project("{9A19103F-16F7-4668-BE54-9A1E7A4F7556}") = "DIP", "SOLID\DIP\DIP.csproj", "{C7DA7A32-5183-46E4-B0AA-118878756A80}"
EndProject
Project("{9A19103F-16F7-4668-BE54-9A1E7A4F7556}") = "ISP", "SOLID\ISP\ISP.csproj", "{B964EB0D-2D85-4E2C-A07D-5F1E5AD3C30D}"
EndProject
Project("{9A19103F-16F7-4668-BE54-9A1E7A4F7556}") = "LSP", "SOLID\LSP\LSP.csproj", "{51CE7AC9-DF47-47B6-8C6F-2267B0F429D1}"
EndProject
Project("{9A19103F-16F7-4668-BE54-9A1E7A4F7556}") = "OCP", "SOLID\OCP\OCP.csproj", "{6679F068-173F-4B66-B678-67BA3DAFB15A}"
EndProject
Project("{9A19103F-16F7-4668-BE54-9A1E7A4F7556}") = "SRP", "SOLID\SRP\SRP.csproj", "{BADBEAE7-14B8-4F14-B6C5-645943696E93}"
EndProject
Project("{9A19103F-16F7-4668-BE54-9A1E7A4F7556}") = "Practice", "Practice\Practice.csproj", "{425F448B-04F5-450D-8095-04FDD4A8CC4B}"
EndProject
Project("{2150E333-8FDC-42A3-9474-1A3956D46DE8}") = "Structural", "Structural", "{F7EEAE2D-36E1-4424-8020-C833B143342D}"
EndProject
Project("{2150E333-8FDC-42A3-9474-1A3956D46DE8}") = "Creational", "Creational", "{D3CE65B9-8EA8-4CD6-8F6D-B481FBE2A8A4}"
EndProject
Project("{2150E333-8FDC-42A3-9474-1A3956D46DE8}") = "Behavioral", "Behavioral", "{56825D10-1594-46AD-8707-E864DC4A4BE2}"
EndProject
Project("{2150E333-8FDC-42A3-9474-1A3956D46DE8}") = "DesignPatterns", "DesignPatterns", "{E748737D-3C1E-4C5E-BF27-81BBE8BE55EB}"
EndProject
Project("{2150E333-8FDC-42A3-9474-1A3956D46DE8}") = "Builder", "Builder", "{16024414-BD5F-4057-848E-89A45E46D839}"
EndProject
Project("{9A19103F-16F7-4668-BE54-9A1E7A4F7556}") = "SimpleBuilder", "Creational\Builder\SimpleBuilder\SimpleBuilder.csproj", "{DC9A24EC-A0BA-46D8-8458-9DB24FE70321}"
EndProject
Project("{9A19103F-16F7-4668-BE54-9A1E7A4F7556}") = "FluentBuilderInheritanceWithRecursiveGenerics", "Creational\Builder\FluentBuilderInheritanceWithRecursiveGenerics\FluentBuilderInheritanceWithRecursiveGenerics.csproj", "{7A35D753-6AB9-4EB1-8EE6-890AE7CCADF0}"
EndProject
Project("{9A19103F-16F7-4668-BE54-9A1E7A4F7556}") = "StepwiseBuilder", "Creational\Builder\StepwiseBuilder\StepwiseBuilder.csproj", "{583E7D63-D8F0-46BC-A0AE-1CDDD6B90E61}"
EndProject
Project("{9A19103F-16F7-4668-BE54-9A1E7A4F7556}") = "FunctionalBuilder", "Creational\Builder\FunctionalBuilder\FunctionalBuilder.csproj", "{6A70F3F4-58A8-4CE8-BBA0-1DC532EEF04F}"
EndProject
Project("{9A19103F-16F7-4668-BE54-9A1E7A4F7556}") = "PatternLibrary", "PatternLibrary\PatternLibrary.csproj", "{1A15A6D7-5F6B-44CF-BA7A-172B7B351910}"
EndProject
Project("{9A19103F-16F7-4668-BE54-9A1E7A4F7556}") = "FacetedBuilder", "Creational\Builder\FacetedBuilder\FacetedBuilder.csproj", "{A5AF7734-B20D-4502-A63A-FB797D993A78}"
EndProject
Project("{9A19103F-16F7-4668-BE54-9A1E7A4F7556}") = "ExerciseCodeBuilder", "Creational\Builder\ExerciseCodeBuilder\ExerciseCodeBuilder.csproj", "{86100A4C-E216-4E60-8590-81855061473D}"
EndProject
Project("{9A19103F-16F7-4668-BE54-9A1E7A4F7556}") = "PointExampleMotivation", "Creational\Factories\PointExampleMotivation\PointExampleMotivation.csproj", "{13F6DCF1-CDA6-4B90-83E3-694CA5CFD300}"
EndProject
Project("{2150E333-8FDC-42A3-9474-1A3956D46DE8}") = "Factories", "Factories", "{E3F3FD11-75C3-467D-92B9-A010AC93CF42}"
EndProject
Project("{9A19103F-16F7-4668-BE54-9A1E7A4F7556}") = "AsyncFactoryMethod", "Creational\Factories\AsyncFactoryMethod\AsyncFactoryMethod.csproj", "{73F0B395-286E-4E39-817D-C45F74D2804A}"
EndProject
Project("{9A19103F-16F7-4668-BE54-9A1E7A4F7556}") = "Factory", "Creational\Factories\Factory\Factory.csproj", "{6D080F47-EDC2-4700-9566-61022F99C1F9}"
EndProject
Project("{9A19103F-16F7-4668-BE54-9A1E7A4F7556}") = "ObjectTrackingAndBulkReplacement", "Creational\Factories\ObjectTrackingAndBulkReplacement\ObjectTrackingAndBulkReplacement.csproj", "{E9186DAD-BDB8-4FE3-8D71-34490B1B2F73}"
EndProject
Project("{9A19103F-16F7-4668-BE54-9A1E7A4F7556}") = "InnerFactory", "Creational\Factories\InnerFactory\InnerFactory.csproj", "{31E31955-CD9D-4120-83C4-121C78199DDD}"
EndProject
Project("{9A19103F-16F7-4668-BE54-9A1E7A4F7556}") = "AbstractFactory", "Creational\Factories\AbstractFactory\AbstractFactory.csproj", "{6ED69C6D-1DF7-49C6-85D8-FDDF33895705}"
EndProject
Project("{9A19103F-16F7-4668-BE54-9A1E7A4F7556}") = "ExerciseCodingFactory", "Creational\Factories\ExerciseCodingFactory\ExerciseCodingFactory.csproj", "{4188C30E-C7B5-40FB-8D3E-4BFA08213B63}"
EndProject
Project("{2150E333-8FDC-42A3-9474-1A3956D46DE8}") = "Prototype", "Prototype", "{2C32A587-E6DD-4075-9A89-D05B8653A91D}"
EndProject
Project("{9A19103F-16F7-4668-BE54-9A1E7A4F7556}") = "BadIClonable", "Creational\Prototype\BadIClonable\BadIClonable.csproj", "{C4AF51B3-F6FD-4B25-BA7C-5C646C18AE35}"
EndProject
Project("{9A19103F-16F7-4668-BE54-9A1E7A4F7556}") = "CopyConstructor", "Creational\Prototype\CopyConstructor\CopyConstructor.csproj", "{8305EF91-EDE1-418A-A069-7D7E1ADFD7EC}"
EndProject
Project("{9A19103F-16F7-4668-BE54-9A1E7A4F7556}") = "ExplicitDeepCopyInterface", "Creational\Prototype\ExplicitDeepCopyInterface\ExplicitDeepCopyInterface.csproj", "{75C88E4B-7819-4A83-AF9B-D0F1452605D3}"
EndProject
Project("{9A19103F-16F7-4668-BE54-9A1E7A4F7556}") = "PrototypeInheritance", "Creational\Prototype\PrototypeInheritance\PrototypeInheritance.csproj", "{BA893D91-8401-455E-84C8-1619DE874CD4}"
EndProject
Project("{FAE04EC0-301F-11D3-BF4B-00C04F79EFBC}") = "PrototypeInheritance2", "Creational\Prototype\PrototypeInheritance2\PrototypeInheritance2.csproj", "{60BE5304-D4AD-4431-83E3-6C005899B4F8}"
EndProject
Global
	GlobalSection(SolutionConfigurationPlatforms) = preSolution
		Debug|Any CPU = Debug|Any CPU
		Release|Any CPU = Release|Any CPU
	EndGlobalSection
	GlobalSection(ProjectConfigurationPlatforms) = postSolution
		{C7DA7A32-5183-46E4-B0AA-118878756A80}.Debug|Any CPU.ActiveCfg = Debug|Any CPU
		{C7DA7A32-5183-46E4-B0AA-118878756A80}.Debug|Any CPU.Build.0 = Debug|Any CPU
		{C7DA7A32-5183-46E4-B0AA-118878756A80}.Release|Any CPU.ActiveCfg = Release|Any CPU
		{C7DA7A32-5183-46E4-B0AA-118878756A80}.Release|Any CPU.Build.0 = Release|Any CPU
		{B964EB0D-2D85-4E2C-A07D-5F1E5AD3C30D}.Debug|Any CPU.ActiveCfg = Debug|Any CPU
		{B964EB0D-2D85-4E2C-A07D-5F1E5AD3C30D}.Debug|Any CPU.Build.0 = Debug|Any CPU
		{B964EB0D-2D85-4E2C-A07D-5F1E5AD3C30D}.Release|Any CPU.ActiveCfg = Release|Any CPU
		{B964EB0D-2D85-4E2C-A07D-5F1E5AD3C30D}.Release|Any CPU.Build.0 = Release|Any CPU
		{51CE7AC9-DF47-47B6-8C6F-2267B0F429D1}.Debug|Any CPU.ActiveCfg = Debug|Any CPU
		{51CE7AC9-DF47-47B6-8C6F-2267B0F429D1}.Debug|Any CPU.Build.0 = Debug|Any CPU
		{51CE7AC9-DF47-47B6-8C6F-2267B0F429D1}.Release|Any CPU.ActiveCfg = Release|Any CPU
		{51CE7AC9-DF47-47B6-8C6F-2267B0F429D1}.Release|Any CPU.Build.0 = Release|Any CPU
		{6679F068-173F-4B66-B678-67BA3DAFB15A}.Debug|Any CPU.ActiveCfg = Debug|Any CPU
		{6679F068-173F-4B66-B678-67BA3DAFB15A}.Debug|Any CPU.Build.0 = Debug|Any CPU
		{6679F068-173F-4B66-B678-67BA3DAFB15A}.Release|Any CPU.ActiveCfg = Release|Any CPU
		{6679F068-173F-4B66-B678-67BA3DAFB15A}.Release|Any CPU.Build.0 = Release|Any CPU
		{BADBEAE7-14B8-4F14-B6C5-645943696E93}.Debug|Any CPU.ActiveCfg = Debug|Any CPU
		{BADBEAE7-14B8-4F14-B6C5-645943696E93}.Debug|Any CPU.Build.0 = Debug|Any CPU
		{BADBEAE7-14B8-4F14-B6C5-645943696E93}.Release|Any CPU.ActiveCfg = Release|Any CPU
		{BADBEAE7-14B8-4F14-B6C5-645943696E93}.Release|Any CPU.Build.0 = Release|Any CPU
		{425F448B-04F5-450D-8095-04FDD4A8CC4B}.Debug|Any CPU.ActiveCfg = Debug|Any CPU
		{425F448B-04F5-450D-8095-04FDD4A8CC4B}.Debug|Any CPU.Build.0 = Debug|Any CPU
		{425F448B-04F5-450D-8095-04FDD4A8CC4B}.Release|Any CPU.ActiveCfg = Release|Any CPU
		{425F448B-04F5-450D-8095-04FDD4A8CC4B}.Release|Any CPU.Build.0 = Release|Any CPU
		{DC9A24EC-A0BA-46D8-8458-9DB24FE70321}.Debug|Any CPU.ActiveCfg = Debug|Any CPU
		{DC9A24EC-A0BA-46D8-8458-9DB24FE70321}.Debug|Any CPU.Build.0 = Debug|Any CPU
		{DC9A24EC-A0BA-46D8-8458-9DB24FE70321}.Release|Any CPU.ActiveCfg = Release|Any CPU
		{DC9A24EC-A0BA-46D8-8458-9DB24FE70321}.Release|Any CPU.Build.0 = Release|Any CPU
		{7A35D753-6AB9-4EB1-8EE6-890AE7CCADF0}.Debug|Any CPU.ActiveCfg = Debug|Any CPU
		{7A35D753-6AB9-4EB1-8EE6-890AE7CCADF0}.Debug|Any CPU.Build.0 = Debug|Any CPU
		{7A35D753-6AB9-4EB1-8EE6-890AE7CCADF0}.Release|Any CPU.ActiveCfg = Release|Any CPU
		{7A35D753-6AB9-4EB1-8EE6-890AE7CCADF0}.Release|Any CPU.Build.0 = Release|Any CPU
		{583E7D63-D8F0-46BC-A0AE-1CDDD6B90E61}.Debug|Any CPU.ActiveCfg = Debug|Any CPU
		{583E7D63-D8F0-46BC-A0AE-1CDDD6B90E61}.Debug|Any CPU.Build.0 = Debug|Any CPU
		{583E7D63-D8F0-46BC-A0AE-1CDDD6B90E61}.Release|Any CPU.ActiveCfg = Release|Any CPU
		{583E7D63-D8F0-46BC-A0AE-1CDDD6B90E61}.Release|Any CPU.Build.0 = Release|Any CPU
		{6A70F3F4-58A8-4CE8-BBA0-1DC532EEF04F}.Debug|Any CPU.ActiveCfg = Debug|Any CPU
		{6A70F3F4-58A8-4CE8-BBA0-1DC532EEF04F}.Debug|Any CPU.Build.0 = Debug|Any CPU
		{6A70F3F4-58A8-4CE8-BBA0-1DC532EEF04F}.Release|Any CPU.ActiveCfg = Release|Any CPU
		{6A70F3F4-58A8-4CE8-BBA0-1DC532EEF04F}.Release|Any CPU.Build.0 = Release|Any CPU
		{1A15A6D7-5F6B-44CF-BA7A-172B7B351910}.Debug|Any CPU.ActiveCfg = Debug|Any CPU
		{1A15A6D7-5F6B-44CF-BA7A-172B7B351910}.Debug|Any CPU.Build.0 = Debug|Any CPU
		{1A15A6D7-5F6B-44CF-BA7A-172B7B351910}.Release|Any CPU.ActiveCfg = Release|Any CPU
		{1A15A6D7-5F6B-44CF-BA7A-172B7B351910}.Release|Any CPU.Build.0 = Release|Any CPU
		{A5AF7734-B20D-4502-A63A-FB797D993A78}.Debug|Any CPU.ActiveCfg = Debug|Any CPU
		{A5AF7734-B20D-4502-A63A-FB797D993A78}.Debug|Any CPU.Build.0 = Debug|Any CPU
		{A5AF7734-B20D-4502-A63A-FB797D993A78}.Release|Any CPU.ActiveCfg = Release|Any CPU
		{A5AF7734-B20D-4502-A63A-FB797D993A78}.Release|Any CPU.Build.0 = Release|Any CPU
		{86100A4C-E216-4E60-8590-81855061473D}.Debug|Any CPU.ActiveCfg = Debug|Any CPU
		{86100A4C-E216-4E60-8590-81855061473D}.Debug|Any CPU.Build.0 = Debug|Any CPU
		{86100A4C-E216-4E60-8590-81855061473D}.Release|Any CPU.ActiveCfg = Release|Any CPU
		{86100A4C-E216-4E60-8590-81855061473D}.Release|Any CPU.Build.0 = Release|Any CPU
		{13F6DCF1-CDA6-4B90-83E3-694CA5CFD300}.Debug|Any CPU.ActiveCfg = Debug|Any CPU
		{13F6DCF1-CDA6-4B90-83E3-694CA5CFD300}.Debug|Any CPU.Build.0 = Debug|Any CPU
		{13F6DCF1-CDA6-4B90-83E3-694CA5CFD300}.Release|Any CPU.ActiveCfg = Release|Any CPU
		{13F6DCF1-CDA6-4B90-83E3-694CA5CFD300}.Release|Any CPU.Build.0 = Release|Any CPU
		{73F0B395-286E-4E39-817D-C45F74D2804A}.Debug|Any CPU.ActiveCfg = Debug|Any CPU
		{73F0B395-286E-4E39-817D-C45F74D2804A}.Debug|Any CPU.Build.0 = Debug|Any CPU
		{73F0B395-286E-4E39-817D-C45F74D2804A}.Release|Any CPU.ActiveCfg = Release|Any CPU
		{73F0B395-286E-4E39-817D-C45F74D2804A}.Release|Any CPU.Build.0 = Release|Any CPU
		{6D080F47-EDC2-4700-9566-61022F99C1F9}.Debug|Any CPU.ActiveCfg = Debug|Any CPU
		{6D080F47-EDC2-4700-9566-61022F99C1F9}.Debug|Any CPU.Build.0 = Debug|Any CPU
		{6D080F47-EDC2-4700-9566-61022F99C1F9}.Release|Any CPU.ActiveCfg = Release|Any CPU
		{6D080F47-EDC2-4700-9566-61022F99C1F9}.Release|Any CPU.Build.0 = Release|Any CPU
		{E9186DAD-BDB8-4FE3-8D71-34490B1B2F73}.Debug|Any CPU.ActiveCfg = Debug|Any CPU
		{E9186DAD-BDB8-4FE3-8D71-34490B1B2F73}.Debug|Any CPU.Build.0 = Debug|Any CPU
		{E9186DAD-BDB8-4FE3-8D71-34490B1B2F73}.Release|Any CPU.ActiveCfg = Release|Any CPU
		{E9186DAD-BDB8-4FE3-8D71-34490B1B2F73}.Release|Any CPU.Build.0 = Release|Any CPU
		{31E31955-CD9D-4120-83C4-121C78199DDD}.Debug|Any CPU.ActiveCfg = Debug|Any CPU
		{31E31955-CD9D-4120-83C4-121C78199DDD}.Debug|Any CPU.Build.0 = Debug|Any CPU
		{31E31955-CD9D-4120-83C4-121C78199DDD}.Release|Any CPU.ActiveCfg = Release|Any CPU
		{31E31955-CD9D-4120-83C4-121C78199DDD}.Release|Any CPU.Build.0 = Release|Any CPU
		{6ED69C6D-1DF7-49C6-85D8-FDDF33895705}.Debug|Any CPU.ActiveCfg = Debug|Any CPU
		{6ED69C6D-1DF7-49C6-85D8-FDDF33895705}.Debug|Any CPU.Build.0 = Debug|Any CPU
		{6ED69C6D-1DF7-49C6-85D8-FDDF33895705}.Release|Any CPU.ActiveCfg = Release|Any CPU
		{6ED69C6D-1DF7-49C6-85D8-FDDF33895705}.Release|Any CPU.Build.0 = Release|Any CPU
		{4188C30E-C7B5-40FB-8D3E-4BFA08213B63}.Debug|Any CPU.ActiveCfg = Debug|Any CPU
		{4188C30E-C7B5-40FB-8D3E-4BFA08213B63}.Debug|Any CPU.Build.0 = Debug|Any CPU
		{4188C30E-C7B5-40FB-8D3E-4BFA08213B63}.Release|Any CPU.ActiveCfg = Release|Any CPU
		{4188C30E-C7B5-40FB-8D3E-4BFA08213B63}.Release|Any CPU.Build.0 = Release|Any CPU
		{C4AF51B3-F6FD-4B25-BA7C-5C646C18AE35}.Debug|Any CPU.ActiveCfg = Debug|Any CPU
		{C4AF51B3-F6FD-4B25-BA7C-5C646C18AE35}.Debug|Any CPU.Build.0 = Debug|Any CPU
		{C4AF51B3-F6FD-4B25-BA7C-5C646C18AE35}.Release|Any CPU.ActiveCfg = Release|Any CPU
		{C4AF51B3-F6FD-4B25-BA7C-5C646C18AE35}.Release|Any CPU.Build.0 = Release|Any CPU
		{8305EF91-EDE1-418A-A069-7D7E1ADFD7EC}.Debug|Any CPU.ActiveCfg = Debug|Any CPU
		{8305EF91-EDE1-418A-A069-7D7E1ADFD7EC}.Debug|Any CPU.Build.0 = Debug|Any CPU
		{8305EF91-EDE1-418A-A069-7D7E1ADFD7EC}.Release|Any CPU.ActiveCfg = Release|Any CPU
		{8305EF91-EDE1-418A-A069-7D7E1ADFD7EC}.Release|Any CPU.Build.0 = Release|Any CPU
		{75C88E4B-7819-4A83-AF9B-D0F1452605D3}.Debug|Any CPU.ActiveCfg = Debug|Any CPU
		{75C88E4B-7819-4A83-AF9B-D0F1452605D3}.Debug|Any CPU.Build.0 = Debug|Any CPU
		{75C88E4B-7819-4A83-AF9B-D0F1452605D3}.Release|Any CPU.ActiveCfg = Release|Any CPU
		{75C88E4B-7819-4A83-AF9B-D0F1452605D3}.Release|Any CPU.Build.0 = Release|Any CPU
		{BA893D91-8401-455E-84C8-1619DE874CD4}.Debug|Any CPU.ActiveCfg = Debug|Any CPU
		{BA893D91-8401-455E-84C8-1619DE874CD4}.Debug|Any CPU.Build.0 = Debug|Any CPU
		{BA893D91-8401-455E-84C8-1619DE874CD4}.Release|Any CPU.ActiveCfg = Release|Any CPU
		{BA893D91-8401-455E-84C8-1619DE874CD4}.Release|Any CPU.Build.0 = Release|Any CPU
		{60BE5304-D4AD-4431-83E3-6C005899B4F8}.Debug|Any CPU.ActiveCfg = Debug|Any CPU
		{60BE5304-D4AD-4431-83E3-6C005899B4F8}.Debug|Any CPU.Build.0 = Debug|Any CPU
		{60BE5304-D4AD-4431-83E3-6C005899B4F8}.Release|Any CPU.ActiveCfg = Release|Any CPU
		{60BE5304-D4AD-4431-83E3-6C005899B4F8}.Release|Any CPU.Build.0 = Release|Any CPU
	EndGlobalSection
	GlobalSection(SolutionProperties) = preSolution
		HideSolutionNode = FALSE
	EndGlobalSection
	GlobalSection(NestedProjects) = preSolution
		{C7DA7A32-5183-46E4-B0AA-118878756A80} = {FE23F03E-F53B-42A5-B013-FD209F563F34}
		{B964EB0D-2D85-4E2C-A07D-5F1E5AD3C30D} = {FE23F03E-F53B-42A5-B013-FD209F563F34}
		{51CE7AC9-DF47-47B6-8C6F-2267B0F429D1} = {FE23F03E-F53B-42A5-B013-FD209F563F34}
		{6679F068-173F-4B66-B678-67BA3DAFB15A} = {FE23F03E-F53B-42A5-B013-FD209F563F34}
		{BADBEAE7-14B8-4F14-B6C5-645943696E93} = {FE23F03E-F53B-42A5-B013-FD209F563F34}
		{F7EEAE2D-36E1-4424-8020-C833B143342D} = {E748737D-3C1E-4C5E-BF27-81BBE8BE55EB}
		{D3CE65B9-8EA8-4CD6-8F6D-B481FBE2A8A4} = {E748737D-3C1E-4C5E-BF27-81BBE8BE55EB}
		{56825D10-1594-46AD-8707-E864DC4A4BE2} = {E748737D-3C1E-4C5E-BF27-81BBE8BE55EB}
		{16024414-BD5F-4057-848E-89A45E46D839} = {D3CE65B9-8EA8-4CD6-8F6D-B481FBE2A8A4}
		{DC9A24EC-A0BA-46D8-8458-9DB24FE70321} = {16024414-BD5F-4057-848E-89A45E46D839}
		{7A35D753-6AB9-4EB1-8EE6-890AE7CCADF0} = {16024414-BD5F-4057-848E-89A45E46D839}
		{583E7D63-D8F0-46BC-A0AE-1CDDD6B90E61} = {16024414-BD5F-4057-848E-89A45E46D839}
		{6A70F3F4-58A8-4CE8-BBA0-1DC532EEF04F} = {16024414-BD5F-4057-848E-89A45E46D839}
		{A5AF7734-B20D-4502-A63A-FB797D993A78} = {16024414-BD5F-4057-848E-89A45E46D839}
		{86100A4C-E216-4E60-8590-81855061473D} = {16024414-BD5F-4057-848E-89A45E46D839}
		{13F6DCF1-CDA6-4B90-83E3-694CA5CFD300} = {E3F3FD11-75C3-467D-92B9-A010AC93CF42}
		{E3F3FD11-75C3-467D-92B9-A010AC93CF42} = {D3CE65B9-8EA8-4CD6-8F6D-B481FBE2A8A4}
		{73F0B395-286E-4E39-817D-C45F74D2804A} = {E3F3FD11-75C3-467D-92B9-A010AC93CF42}
		{6D080F47-EDC2-4700-9566-61022F99C1F9} = {E3F3FD11-75C3-467D-92B9-A010AC93CF42}
		{E9186DAD-BDB8-4FE3-8D71-34490B1B2F73} = {E3F3FD11-75C3-467D-92B9-A010AC93CF42}
		{31E31955-CD9D-4120-83C4-121C78199DDD} = {E3F3FD11-75C3-467D-92B9-A010AC93CF42}
		{6ED69C6D-1DF7-49C6-85D8-FDDF33895705} = {E3F3FD11-75C3-467D-92B9-A010AC93CF42}
		{4188C30E-C7B5-40FB-8D3E-4BFA08213B63} = {E3F3FD11-75C3-467D-92B9-A010AC93CF42}
		{2C32A587-E6DD-4075-9A89-D05B8653A91D} = {D3CE65B9-8EA8-4CD6-8F6D-B481FBE2A8A4}
		{C4AF51B3-F6FD-4B25-BA7C-5C646C18AE35} = {2C32A587-E6DD-4075-9A89-D05B8653A91D}
		{8305EF91-EDE1-418A-A069-7D7E1ADFD7EC} = {2C32A587-E6DD-4075-9A89-D05B8653A91D}
		{75C88E4B-7819-4A83-AF9B-D0F1452605D3} = {2C32A587-E6DD-4075-9A89-D05B8653A91D}
		{BA893D91-8401-455E-84C8-1619DE874CD4} = {2C32A587-E6DD-4075-9A89-D05B8653A91D}
		{60BE5304-D4AD-4431-83E3-6C005899B4F8} = {2C32A587-E6DD-4075-9A89-D05B8653A91D}
	EndGlobalSection
	GlobalSection(ExtensibilityGlobals) = postSolution
		SolutionGuid = {05F4A807-3724-4A59-AE0F-2D18463B8EB6}
	EndGlobalSection
EndGlobal
