
Microsoft Visual Studio Solution File, Format Version 12.00
# Visual Studio Version 16
VisualStudioVersion = 16.0.31911.196
MinimumVisualStudioVersion = 10.0.40219.1
Project("{2150E333-8FDC-42A3-9474-1A3956D46DE8}") = "SOLID", "SOLID", "{FE23F03E-F53B-42A5-B013-FD209F563F34}"
EndProject
Project("{9A19103F-16F7-4668-BE54-9A1E7A4F7556}") = "DIP", "SOLID\DIP\DIP.csproj", "{C7DA7A32-5183-46E4-B0AA-118878756A80}"
EndProject
Project("{9A19103F-16F7-4668-BE54-9A1E7A4F7556}") = "ISP", "SOLID\ISP\ISP.csproj", "{B964EB0D-2D85-4E2C-A07D-5F1E5AD3C30D}"
EndProject
Project("{9A19103F-16F7-4668-BE54-9A1E7A4F7556}") = "LSP", "SOLID\LSP\LSP.csproj", "{51CE7AC9-DF47-47B6-8C6F-2267B0F429D1}"
EndProject
Project("{9A19103F-16F7-4668-BE54-9A1E7A4F7556}") = "OCP", "SOLID\OCP\OCP.csproj", "{6679F068-173F-4B66-B678-67BA3DAFB15A}"
EndProject
Project("{9A19103F-16F7-4668-BE54-9A1E7A4F7556}") = "SRP", "SOLID\SRP\SRP.csproj", "{BADBEAE7-14B8-4F14-B6C5-645943696E93}"
EndProject
Global
	GlobalSection(SolutionConfigurationPlatforms) = preSolution
		Debug|Any CPU = Debug|Any CPU
		Release|Any CPU = Release|Any CPU
	EndGlobalSection
	GlobalSection(ProjectConfigurationPlatforms) = postSolution
		{C7DA7A32-5183-46E4-B0AA-118878756A80}.Debug|Any CPU.ActiveCfg = Debug|Any CPU
		{C7DA7A32-5183-46E4-B0AA-118878756A80}.Debug|Any CPU.Build.0 = Debug|Any CPU
		{C7DA7A32-5183-46E4-B0AA-118878756A80}.Release|Any CPU.ActiveCfg = Release|Any CPU
		{C7DA7A32-5183-46E4-B0AA-118878756A80}.Release|Any CPU.Build.0 = Release|Any CPU
		{B964EB0D-2D85-4E2C-A07D-5F1E5AD3C30D}.Debug|Any CPU.ActiveCfg = Debug|Any CPU
		{B964EB0D-2D85-4E2C-A07D-5F1E5AD3C30D}.Debug|Any CPU.Build.0 = Debug|Any CPU
		{B964EB0D-2D85-4E2C-A07D-5F1E5AD3C30D}.Release|Any CPU.ActiveCfg = Release|Any CPU
		{B964EB0D-2D85-4E2C-A07D-5F1E5AD3C30D}.Release|Any CPU.Build.0 = Release|Any CPU
		{51CE7AC9-DF47-47B6-8C6F-2267B0F429D1}.Debug|Any CPU.ActiveCfg = Debug|Any CPU
		{51CE7AC9-DF47-47B6-8C6F-2267B0F429D1}.Debug|Any CPU.Build.0 = Debug|Any CPU
		{51CE7AC9-DF47-47B6-8C6F-2267B0F429D1}.Release|Any CPU.ActiveCfg = Release|Any CPU
		{51CE7AC9-DF47-47B6-8C6F-2267B0F429D1}.Release|Any CPU.Build.0 = Release|Any CPU
		{6679F068-173F-4B66-B678-67BA3DAFB15A}.Debug|Any CPU.ActiveCfg = Debug|Any CPU
		{6679F068-173F-4B66-B678-67BA3DAFB15A}.Debug|Any CPU.Build.0 = Debug|Any CPU
		{6679F068-173F-4B66-B678-67BA3DAFB15A}.Release|Any CPU.ActiveCfg = Release|Any CPU
		{6679F068-173F-4B66-B678-67BA3DAFB15A}.Release|Any CPU.Build.0 = Release|Any CPU
		{BADBEAE7-14B8-4F14-B6C5-645943696E93}.Debug|Any CPU.ActiveCfg = Debug|Any CPU
		{BADBEAE7-14B8-4F14-B6C5-645943696E93}.Debug|Any CPU.Build.0 = Debug|Any CPU
		{BADBEAE7-14B8-4F14-B6C5-645943696E93}.Release|Any CPU.ActiveCfg = Release|Any CPU
		{BADBEAE7-14B8-4F14-B6C5-645943696E93}.Release|Any CPU.Build.0 = Release|Any CPU
	EndGlobalSection
	GlobalSection(SolutionProperties) = preSolution
		HideSolutionNode = FALSE
	EndGlobalSection
	GlobalSection(NestedProjects) = preSolution
		{C7DA7A32-5183-46E4-B0AA-118878756A80} = {FE23F03E-F53B-42A5-B013-FD209F563F34}
		{B964EB0D-2D85-4E2C-A07D-5F1E5AD3C30D} = {FE23F03E-F53B-42A5-B013-FD209F563F34}
		{51CE7AC9-DF47-47B6-8C6F-2267B0F429D1} = {FE23F03E-F53B-42A5-B013-FD209F563F34}
		{6679F068-173F-4B66-B678-67BA3DAFB15A} = {FE23F03E-F53B-42A5-B013-FD209F563F34}
		{BADBEAE7-14B8-4F14-B6C5-645943696E93} = {FE23F03E-F53B-42A5-B013-FD209F563F34}
	EndGlobalSection
	GlobalSection(ExtensibilityGlobals) = postSolution
		SolutionGuid = {05F4A807-3724-4A59-AE0F-2D18463B8EB6}
	EndGlobalSection
EndGlobal
